lockfileVersion: '9.0'

settings:
  autoInstallPeers: true
  excludeLinksFromLockfile: false

importers:

  .:
    devDependencies:
      '@myriaddreamin/typst-ts-node-compiler':
        specifier: 0.7.0
        version: 0.7.0
      '@types/glob-watcher':
        specifier: ^5.0.5
        version: 5.0.5
      '@types/node':
        specifier: ^26.0.0
        version: 26.0.0
      concurrently:
        specifier: ^10.0.3
        version: 10.0.3
      es-toolkit:
        specifier: ^1.47.1
        version: 1.47.1
      glob-watcher:
        specifier: ^6.0.0
        version: 6.0.0

packages:

  '@myriaddreamin/typst-ts-node-compiler-android-arm-eabi@0.7.0':
    resolution: {integrity: sha512-25gKyErQai/u/EWBOSSZvV0rFfSL4tqHgYEyd4rZPXSHMpkvvgPmfA/Ees8InB1nnPV9Jlu9r0sftV6oiccprg==}
    engines: {node: '>= 10'}
    cpu: [arm]
    os: [android]

  '@myriaddreamin/typst-ts-node-compiler-android-arm64@0.7.0':
    resolution: {integrity: sha512-CT3Ukt3E0FugdnjfEpmmxudre6kmJzbURVFGTYGEvFQbTMsIwnxGx6Z/9gVPe6V8oLO+5pa8aSkhOQaGdEQw1g==}
    engines: {node: '>= 10'}
    cpu: [arm64]
    os: [android]

  '@myriaddreamin/typst-ts-node-compiler-darwin-arm64@0.7.0':
    resolution: {integrity: sha512-UAbhhUtUaJn7t6KyOgomUKUQWbjh8ycleJX6nPTqhKHvKqA9Py0c3Tvd1CLBrAj6lPl3TOz3pcjNMO0xy8/rjg==}
    engines: {node: '>= 10'}
    cpu: [arm64]
    os: [darwin]

  '@myriaddreamin/typst-ts-node-compiler-darwin-x64@0.7.0':
    resolution: {integrity: sha512-oIGYODTlQdEZoJLvH44F906hLLZhICfxkFnkMU0hCYUAmmNlTK6SCP1SYb/kmwMgUSXz/aO9iT50w/DKDG/cww==}
    engines: {node: '>= 10'}
    cpu: [x64]
    os: [darwin]

  '@myriaddreamin/typst-ts-node-compiler-linux-arm-gnueabihf@0.7.0':
    resolution: {integrity: sha512-/RF/4F1BSpMRyIVFiyEgLRGygprjrptRRhB7ocbtOG+qEJphMpaqtETlDiQ4AJVGiFFWiQv8ahJsfYftMJeZAQ==}
    engines: {node: '>= 10'}
    cpu: [arm]
    os: [linux]

  '@myriaddreamin/typst-ts-node-compiler-linux-arm64-gnu@0.7.0':
    resolution: {integrity: sha512-wYC/lfxWW14sbWmtT1u2maLjV7ifF7BuPbRFZYFb6fuxJJP12Xm212PTSz/ZHAcpX9H2bWIOFKVPJkeHHDZeSg==}
    engines: {node: '>= 10'}
    cpu: [arm64]
    os: [linux]

  '@myriaddreamin/typst-ts-node-compiler-linux-arm64-musl@0.7.0':
    resolution: {integrity: sha512-pIfvHLJCf9Kr1RM0F6gXv6ceHuRXfr1TlgGpAM2yUcq6YLF6YAW+bybzKqzl4pR/Vv7n6tHRxFs5qGaiO/h6Qw==}
    engines: {node: '>= 10'}
    cpu: [arm64]
    os: [linux]

  '@myriaddreamin/typst-ts-node-compiler-linux-x64-gnu@0.7.0':
    resolution: {integrity: sha512-Q+ywVMYaxrS7u+PBuCwi9p+lSBpQ3YNkoXKDiS2mMdRka8ddurt5tJvuR0I1ku0bsXTR1/u4IsLwyyHWpKqUuw==}
    engines: {node: '>= 10'}
    cpu: [x64]
    os: [linux]

  '@myriaddreamin/typst-ts-node-compiler-linux-x64-musl@0.7.0':
    resolution: {integrity: sha512-TTU41wdtp/AnKWAcTPx5tZlMCX0iwyT++pcmxRUkOBr3zaFK0tyD2YG/LbpWEoJIGpX/3Y6DyH+dtDTAp8RKYQ==}
    engines: {node: '>= 10'}
    cpu: [x64]
    os: [linux]

  '@myriaddreamin/typst-ts-node-compiler-win32-arm64-msvc@0.7.0':
    resolution: {integrity: sha512-/bgoB2Z2LmmgcXeF6tEoHkNluGqeh9qKM8xOYajpsd8aEb9Z+05YlPTZhsdLHFVp+SBHvM8Dh3Dtg5fwpkPbfw==}
    engines: {node: '>= 10'}
    cpu: [arm64]
    os: [win32]

  '@myriaddreamin/typst-ts-node-compiler-win32-x64-msvc@0.7.0':
    resolution: {integrity: sha512-6dteoOBTeOwrHPDU69W25nTZM4V3+hjdT6JnjOrcdtUWqDBwrEMtNwoxZOMUz5VRvtlguvLjjdfbTc2TgBdqBg==}
    engines: {node: '>= 10'}
    cpu: [x64]
    os: [win32]

  '@myriaddreamin/typst-ts-node-compiler@0.7.0':
    resolution: {integrity: sha512-snM2byzDcqqQbT6FiGeCgkbviJkxsuaUS/x2RiLoMngFC3UEiciM4LcUKDcIygsH70TroRLPzPIevF0LNGBJNA==}
    engines: {node: '>= 10'}

  '@types/glob-watcher@5.0.5':
    resolution: {integrity: sha512-79p9NNg/3mWMdQ0+OHdV0Yyge8BxhiYAHnVZ/Zz7/DO488osdI9Md9nNPQafAhNTwO0Hp/L8DwGrTG827r5V4g==}

  '@types/node@26.0.0':
    resolution: {integrity: sha512-vf2YFi1iY9lHGwNJMs01biZFbKJkrZR1T6/MlzjhJLPdntOHLhTrDSnSVcdtvjihi4VQNlrFRIxLsDBlQpAipA==}

  ansi-regex@6.2.2:
    resolution: {integrity: sha512-Bq3SmSpyFHaWjPk8If9yc6svM8c56dB5BAtW4Qbw5jHTwwXXcTLoRMkpDJp6VL0XzlWaCHTXrkFURMYmD0sLqg==}
    engines: {node: '>=12'}

  ansi-styles@6.2.3:
    resolution: {integrity: sha512-4Dj6M28JB+oAH8kFkTLUo+a2jwOFkuqb3yucU0CANcRRUbxS0cP0nZYCGjcc3BNXwRIsUVmDGgzawme7zvJHvg==}
    engines: {node: '>=12'}

  anymatch@3.1.3:
    resolution: {integrity: sha512-KMReFUr0B4t+D+OBkjR3KYqvocp2XaSzO55UcB6mgQMd3KbcE+mWTyvVV7D/zsdEbNnV6acZUutkiHQXvTr1Rw==}
    engines: {node: '>= 8'}

  async-done@2.0.0:
    resolution: {integrity: sha512-j0s3bzYq9yKIVLKGE/tWlCpa3PfFLcrDZLTSVdnnCTGagXuXBJO4SsY9Xdk/fQBirCkH4evW5xOeJXqlAQFdsw==}
    engines: {node: '>= 10.13.0'}

  binary-extensions@2.3.0:
    resolution: {integrity: sha512-Ceh+7ox5qe7LJuLHoY0feh3pHuUDHAcRUeyL2VYghZwfpkNIy/+8Ocg0a3UuSoYzavmylwuLWQOf3hl0jjMMIw==}
    engines: {node: '>=8'}

  braces@3.0.3:
    resolution: {integrity: sha512-yQbXgO/OSZVD2IsiLlro+7Hf6Q18EJrKSEsdoMzKePKXct3gvD8oLcOQdIzGupr5Fj+EDe8gO/lxc1BzfMpxvA==}
    engines: {node: '>=8'}

  chalk@5.6.2:
    resolution: {integrity: sha512-7NzBL0rN6fMUW+f7A6Io4h40qQlG+xGmtMxfbnH/K7TAtt8JQWVQK+6g0UXKMeVJoyV5EkkNsErQ8pVD3bLHbA==}
    engines: {node: ^12.17.0 || ^14.13 || >=16.0.0}

  chokidar@3.6.0:
    resolution: {integrity: sha512-7VT13fmjotKpGipCW9JEQAusEPE+Ei8nl6/g4FBAmIm0GOOLMua9NDDo/DWp0ZAxCr3cPq5ZpBqmPAQgDda2Pw==}
    engines: {node: '>= 8.10.0'}

  cliui@9.0.1:
    resolution: {integrity: sha512-k7ndgKhwoQveBL+/1tqGJYNz097I7WOvwbmmU2AR5+magtbjPWQTS1C5vzGkBC8Ym8UWRzfKUzUUqFLypY4Q+w==}
    engines: {node: '>=20'}

  concurrently@10.0.3:
    resolution: {integrity: sha512-hc3LH4UaKWd/bbyDK/IGVa4RB6PtQ3CUYwtrkzqHn+wIG3Hr5fhpRlk0L/gCa8ZE1L/Ufj50Zho69cI5w8SQBA==}
    engines: {node: '>=22'}
    hasBin: true

  emoji-regex@10.6.0:
    resolution: {integrity: sha512-toUI84YS5YmxW219erniWD0CIVOo46xGKColeNQRgOzDorgBi1v4D71/OFzgD9GO2UGKIv1C3Sp8DAn0+j5w7A==}

  end-of-stream@1.4.5:
    resolution: {integrity: sha512-ooEGc6HP26xXq/N+GCGOT0JKCLDGrq2bQUZrQ7gyrJiZANJ/8YDTxTpQBXGMn+WbIQXNVpyWymm7KYVICQnyOg==}

  es-toolkit@1.47.1:
    resolution: {integrity: sha512-5RAqEwf4P4E17p+W75KLOWw/nOvKZzSQpxM32IpI2KZLaVonjTrZ0Ai5ghMaVI9eKC2p8eoQgcBdkEDgzFk6+Q==}

  escalade@3.2.0:
    resolution: {integrity: sha512-WUj2qlxaQtO4g6Pq5c29GTcWGDyd8itL8zTlipgECz3JesAiiOKotd8JU6otB3PACgG6xkJUyVhboMS+bje/jA==}
    engines: {node: '>=6'}

  fill-range@7.1.1:
    resolution: {integrity: sha512-YsGpe3WHLK8ZYi4tWDg2Jy3ebRz2rXowDxnld4bkQB00cc/1Zw9AWnC0i9ztDJitivtQvaI9KaLyKrc+hBW0yg==}
    engines: {node: '>=8'}

  fsevents@2.3.3:
    resolution: {integrity: sha512-5xoDfX+fL7faATnagmWPpbFtwh/R77WmMMqqHGS65C3vvB0YHrgF+B1YmZ3441tMj5n63k0212XNoJwzlhffQw==}
    engines: {node: ^8.16.0 || ^10.6.0 || >=11.0.0}
    os: [darwin]

  get-caller-file@2.0.5:
    resolution: {integrity: sha512-DyFP3BM/3YHTQOCUL/w0OZHR0lpKeGrxotcHWcqNEdnltqFwXVfhEBQ94eIo34AfQpo0rGki4cyIiftY06h2Fg==}
    engines: {node: 6.* || 8.* || >= 10.*}

  get-east-asian-width@1.6.0:
    resolution: {integrity: sha512-QRbvDIbx6YklUe6RxeTeleMR0yv3cYH6PsPZHcnVn7xv7zO1BHN8r0XETu8n6Ye3Q+ahtSarc3WgtNWmehIBfA==}
    engines: {node: '>=18'}

  glob-parent@5.1.2:
    resolution: {integrity: sha512-AOIgSQCepiJYwP3ARnGx+5VnTu2HBYdzbGP45eLw1vr3zB3vZLeyed1sC9hnbcOc9/SrMyM5RPQrkGz4aS9Zow==}
    engines: {node: '>= 6'}

  glob-watcher@6.0.0:
    resolution: {integrity: sha512-wGM28Ehmcnk2NqRORXFOTOR064L4imSw3EeOqU5bIwUf62eXGwg89WivH6VMahL8zlQHeodzvHpXplrqzrz3Nw==}
    engines: {node: '>= 10.13.0'}

  is-binary-path@2.1.0:
    resolution: {integrity: sha512-ZMERYes6pDydyuGidse7OsHxtbI7WVeUEozgR/g7rd0xUimYNlvZRE/K2MgZTjWy725IfelLeVcEM97mmtRGXw==}
    engines: {node: '>=8'}

  is-extglob@2.1.1:
    resolution: {integrity: sha512-SbKbANkN603Vi4jEZv49LeVJMn4yGwsbzZworEoyEiutsN3nJYdbO36zfhGJ6QEDpOZIFkDtnq5JRxmvl3jsoQ==}
    engines: {node: '>=0.10.0'}

  is-glob@4.0.3:
    resolution: {integrity: sha512-xelSayHH36ZgE7ZWhli7pW34hNbNl8Ojv5KVmkJD4hBdD3th8Tfk9vYasLM+mXWOZhFkgZfxhLSnrwRr4elSSg==}
    engines: {node: '>=0.10.0'}

  is-number@7.0.0:
    resolution: {integrity: sha512-41Cifkg6e8TylSpdtTpeLVMqvSBEVzTttHvERD741+pnZ8ANv0004MRL43QKPDlK9cGvNp6NZWZUBlbGXYxxng==}
    engines: {node: '>=0.12.0'}

  normalize-path@3.0.0:
    resolution: {integrity: sha512-6eZs5Ls3WtCisHWp9S2GUy8dqkpGi4BVSz3GaqiE6ezub0512ESztXUwUB6C6IKbQkY2Pnb/mD4WYojCRwcwLA==}
    engines: {node: '>=0.10.0'}

  once@1.4.0:
    resolution: {integrity: sha512-lNaJgI+2Q5URQBkccEKHTQOPaXdUxnZZElQTZY0MFUAuaEqe1E+Nyvgdz/aIyNi6Z9MzO5dv1H8n58/GELp3+w==}

  picomatch@2.3.1:
    resolution: {integrity: sha512-JU3teHTNjmE2VCGFzuY8EXzCDVwEqB2a8fsIvwaStHhAWJEeVd1o1QD80CU6+ZdEXXSLbSsuLwJjkCBWqRQUVA==}
    engines: {node: '>=8.6'}

  readdirp@3.6.0:
    resolution: {integrity: sha512-hOS089on8RduqdbhvQ5Z37A0ESjsqz6qnRcffsMU3495FuTdqSm+7bhJ29JvIOsBDEEnan5DPu9t3To9VRlMzA==}
    engines: {node: '>=8.10.0'}

  rxjs@7.8.2:
    resolution: {integrity: sha512-dhKf903U/PQZY6boNNtAGdWbG85WAbjT/1xYoZIC7FAY0yWapOBQVsVrDl58W86//e1VpMNBtRV4MaXfdMySFA==}

  shell-quote@1.8.4:
    resolution: {integrity: sha512-VsC6n6vz1ihYYyZZwX7YZSF5l5x36ca17OC+a69h94YqB7X6XLwf+5MOgynYir2SLFUbl8gIYvBo8K8RoNQ6bQ==}
    engines: {node: '>= 0.4'}

  stream-exhaust@1.0.2:
    resolution: {integrity: sha512-b/qaq/GlBK5xaq1yrK9/zFcyRSTNxmcZwFLGSTG0mXgZl/4Z6GgiyYOXOvY7N3eEvFRAG1bkDRz5EPGSvPYQlw==}

  string-width@7.2.0:
    resolution: {integrity: sha512-tsaTIkKW9b4N+AEj+SVA+WhJzV7/zMhcSu78mLKWSk7cXMOSHsBKFWUs0fWwq8QyK3MgJBQRX6Gbi4kYbdvGkQ==}
    engines: {node: '>=18'}

  strip-ansi@7.2.0:
    resolution: {integrity: sha512-yDPMNjp4WyfYBkHnjIRLfca1i6KMyGCtsVgoKe/z1+6vukgaENdgGBZt+ZmKPc4gavvEZ5OgHfHdrazhgNyG7w==}
    engines: {node: '>=12'}

  supports-color@10.2.2:
    resolution: {integrity: sha512-SS+jx45GF1QjgEXQx4NJZV9ImqmO2NPz5FNsIHrsDjh2YsHnawpan7SNQ1o8NuhrbHZy9AZhIoCUiCeaW/C80g==}
    engines: {node: '>=18'}

  to-regex-range@5.0.1:
    resolution: {integrity: sha512-65P7iz6X5yEr1cwcgvQxbbIw7Uk3gOy5dIdtZ4rDveLqhrdJP+Li/Hx6tyK0NEb+2GCyneCMJiGqrADCSNk8sQ==}
    engines: {node: '>=8.0'}

  tree-kill@1.2.2:
    resolution: {integrity: sha512-L0Orpi8qGpRG//Nd+H90vFB+3iHnue1zSSGmNOOCh1GLJ7rUKVwV2HvijphGQS2UmhUZewS9VgvxYIdgr+fG1A==}
    hasBin: true

  tslib@2.8.1:
    resolution: {integrity: sha512-oJFu94HQb+KVduSUQL7wnpmqnfmLsOA/nAh6b6EH0wCEoK0/mPeXU6c3wKDV83MkOuHPRHtSXKKU99IBazS/2w==}

  undici-types@8.3.0:
    resolution: {integrity: sha512-j375ScV60dom+YkPFIfTLcOiPxkN/buHz5GobjLhixFuANaNs3C9l4GmrWqejgXWJ7BbJcFYpTEUkS1Ge8bpZQ==}

  wrap-ansi@9.0.2:
    resolution: {integrity: sha512-42AtmgqjV+X1VpdOfyTGOYRi0/zsoLqtXQckTmqTeybT+BDIbM/Guxo7x3pE2vtpr1ok6xRqM9OpBe+Jyoqyww==}
    engines: {node: '>=18'}

  wrappy@1.0.2:
    resolution: {integrity: sha512-l4Sp/DRseor9wL6EvV2+TuQn63dMkPjZ/sp9XkghTEbV9KlPS1xUsZ3u7/IQO4wxtcFB4bgpQPRcR3QCvezPcQ==}

  y18n@5.0.8:
    resolution: {integrity: sha512-0pfFzegeDWJHJIAmTLRP2DwHjdF5s7jo9tuztdQxAhINCdvS+3nGINqPd00AphqJR/0LhANUS6/+7SCb98YOfA==}
    engines: {node: '>=10'}

  yargs-parser@22.0.0:
    resolution: {integrity: sha512-rwu/ClNdSMpkSrUb+d6BRsSkLUq1fmfsY6TOpYzTwvwkg1/NRG85KBy3kq++A8LKQwX6lsu+aWad+2khvuXrqw==}
    engines: {node: ^20.19.0 || ^22.12.0 || >=23}

  yargs@18.0.0:
    resolution: {integrity: sha512-4UEqdc2RYGHZc7Doyqkrqiln3p9X2DZVxaGbwhn2pi7MrRagKaOcIKe8L3OxYcbhXLgLFUS3zAYuQjKBQgmuNg==}
    engines: {node: ^20.19.0 || ^22.12.0 || >=23}

snapshots:

  '@myriaddreamin/typst-ts-node-compiler-android-arm-eabi@0.7.0':
    optional: true

  '@myriaddreamin/typst-ts-node-compiler-android-arm64@0.7.0':
    optional: true

  '@myriaddreamin/typst-ts-node-compiler-darwin-arm64@0.7.0':
    optional: true

  '@myriaddreamin/typst-ts-node-compiler-darwin-x64@0.7.0':
    optional: true

  '@myriaddreamin/typst-ts-node-compiler-linux-arm-gnueabihf@0.7.0':
    optional: true

  '@myriaddreamin/typst-ts-node-compiler-linux-arm64-gnu@0.7.0':
    optional: true

  '@myriaddreamin/typst-ts-node-compiler-linux-arm64-musl@0.7.0':
    optional: true

  '@myriaddreamin/typst-ts-node-compiler-linux-x64-gnu@0.7.0':
    optional: true

  '@myriaddreamin/typst-ts-node-compiler-linux-x64-musl@0.7.0':
    optional: true

  '@myriaddreamin/typst-ts-node-compiler-win32-arm64-msvc@0.7.0':
    optional: true

  '@myriaddreamin/typst-ts-node-compiler-win32-x64-msvc@0.7.0':
    optional: true

  '@myriaddreamin/typst-ts-node-compiler@0.7.0':
    optionalDependencies:
      '@myriaddreamin/typst-ts-node-compiler-android-arm-eabi': 0.7.0
      '@myriaddreamin/typst-ts-node-compiler-android-arm64': 0.7.0
      '@myriaddreamin/typst-ts-node-compiler-darwin-arm64': 0.7.0
      '@myriaddreamin/typst-ts-node-compiler-darwin-x64': 0.7.0
      '@myriaddreamin/typst-ts-node-compiler-linux-arm-gnueabihf': 0.7.0
      '@myriaddreamin/typst-ts-node-compiler-linux-arm64-gnu': 0.7.0
      '@myriaddreamin/typst-ts-node-compiler-linux-arm64-musl': 0.7.0
      '@myriaddreamin/typst-ts-node-compiler-linux-x64-gnu': 0.7.0
      '@myriaddreamin/typst-ts-node-compiler-linux-x64-musl': 0.7.0
      '@myriaddreamin/typst-ts-node-compiler-win32-arm64-msvc': 0.7.0
      '@myriaddreamin/typst-ts-node-compiler-win32-x64-msvc': 0.7.0

  '@types/glob-watcher@5.0.5':
    dependencies:
      '@types/node': 26.0.0

  '@types/node@26.0.0':
    dependencies:
      undici-types: 8.3.0

  ansi-regex@6.2.2: {}

  ansi-styles@6.2.3: {}

  anymatch@3.1.3:
    dependencies:
      normalize-path: 3.0.0
      picomatch: 2.3.1

  async-done@2.0.0:
    dependencies:
      end-of-stream: 1.4.5
      once: 1.4.0
      stream-exhaust: 1.0.2

  binary-extensions@2.3.0: {}

  braces@3.0.3:
    dependencies:
      fill-range: 7.1.1

  chalk@5.6.2: {}

  chokidar@3.6.0:
    dependencies:
      anymatch: 3.1.3
      braces: 3.0.3
      glob-parent: 5.1.2
      is-binary-path: 2.1.0
      is-glob: 4.0.3
      normalize-path: 3.0.0
      readdirp: 3.6.0
    optionalDependencies:
      fsevents: 2.3.3

  cliui@9.0.1:
    dependencies:
      string-width: 7.2.0
      strip-ansi: 7.2.0
      wrap-ansi: 9.0.2

  concurrently@10.0.3:
    dependencies:
      chalk: 5.6.2
      rxjs: 7.8.2
      shell-quote: 1.8.4
      supports-color: 10.2.2
      tree-kill: 1.2.2
      yargs: 18.0.0

  emoji-regex@10.6.0: {}

  end-of-stream@1.4.5:
    dependencies:
      once: 1.4.0

  es-toolkit@1.47.1: {}

  escalade@3.2.0: {}

  fill-range@7.1.1:
    dependencies:
      to-regex-range: 5.0.1

  fsevents@2.3.3:
    optional: true

  get-caller-file@2.0.5: {}

  get-east-asian-width@1.6.0: {}

  glob-parent@5.1.2:
    dependencies:
      is-glob: 4.0.3

  glob-watcher@6.0.0:
    dependencies:
      async-done: 2.0.0
      chokidar: 3.6.0

  is-binary-path@2.1.0:
    dependencies:
      binary-extensions: 2.3.0

  is-extglob@2.1.1: {}

  is-glob@4.0.3:
    dependencies:
      is-extglob: 2.1.1

  is-number@7.0.0: {}

  normalize-path@3.0.0: {}

  once@1.4.0:
    dependencies:
      wrappy: 1.0.2

  picomatch@2.3.1: {}

  readdirp@3.6.0:
    dependencies:
      picomatch: 2.3.1

  rxjs@7.8.2:
    dependencies:
      tslib: 2.8.1

  shell-quote@1.8.4: {}

  stream-exhaust@1.0.2: {}

  string-width@7.2.0:
    dependencies:
      emoji-regex: 10.6.0
      get-east-asian-width: 1.6.0
      strip-ansi: 7.2.0

  strip-ansi@7.2.0:
    dependencies:
      ansi-regex: 6.2.2

  supports-color@10.2.2: {}

  to-regex-range@5.0.1:
    dependencies:
      is-number: 7.0.0

  tree-kill@1.2.2: {}

  tslib@2.8.1: {}

  undici-types@8.3.0: {}

  wrap-ansi@9.0.2:
    dependencies:
      ansi-styles: 6.2.3
      string-width: 7.2.0
      strip-ansi: 7.2.0

  wrappy@1.0.2: {}

  y18n@5.0.8: {}

  yargs-parser@22.0.0: {}

  yargs@18.0.0:
    dependencies:
      cliui: 9.0.1
      escalade: 3.2.0
      get-caller-file: 2.0.5
      string-width: 7.2.0
      y18n: 5.0.8
      yargs-parser: 22.0.0
